lockfileVersion: '9.0'

settings:
  autoInstallPeers: true
  excludeLinksFromLockfile: false

importers:

  .:
    dependencies:
      '@dotnest/common':
        specifier: 20250227.0.1
        version: 20250227.0.1(@dotnest/core@20250227.0.2)(@dotnest/gateway@20250227.0.2(@nestjs/core@11.0.10(@nestjs/common@11.0.10(reflect-metadata@0.2.2)(rxjs@7.8.2))(@nestjs/platform-express@11.0.10)(reflect-metadata@0.2.2)(rxjs@7.8.2))(express@5.0.1)(reflect-metadata@0.2.2)(rxjs@7.8.2))(@nestjs/swagger@11.0.5(@nestjs/common@11.0.10(reflect-metadata@0.2.2)(rxjs@7.8.2))(@nestjs/core@11.0.10(@nestjs/common@11.0.10(reflect-metadata@0.2.2)(rxjs@7.8.2))(@nestjs/platform-express@11.0.10)(reflect-metadata@0.2.2)(rxjs@7.8.2))(reflect-metadata@0.2.2))
      '@dotnest/core':
        specifier: 20250227.0.2
        version: 20250227.0.2
      '@nestjs/common':
        specifier: 11.0.10
        version: 11.0.10(reflect-metadata@0.2.2)(rxjs@7.8.2)
      '@nestjs/swagger':
        specifier: 11.0.5
        version: 11.0.5(@nestjs/common@11.0.10(reflect-metadata@0.2.2)(rxjs@7.8.2))(@nestjs/core@11.0.10(@nestjs/common@11.0.10(reflect-metadata@0.2.2)(rxjs@7.8.2))(@nestjs/platform-express@11.0.10)(reflect-metadata@0.2.2)(rxjs@7.8.2))(reflect-metadata@0.2.2)
    devDependencies:
      '@types/node':
        specifier: 22.13.5
        version: 22.13.5
      source-map-support:
        specifier: ^0.5.21
        version: 0.5.21
      ts-node:
        specifier: ^10.9.2
        version: 10.9.2(@types/node@22.13.5)(typescript@5.7.3)
      typescript:
        specifier: 5.7.3
        version: 5.7.3

packages:

  '@cspotcode/source-map-support@0.8.1':
    resolution: {integrity: sha512-IchNf6dN4tHoMFIn/7OE8LWZ19Y6q/67Bmf6vnGREv8RSbBVb9LPJxEcnwrcwX6ixSvaiGoomAUvu4YSxXrVgw==}
    engines: {node: '>=12'}

  '@dotnest/common@20250227.0.1':
    resolution: {integrity: sha512-ucc4xUPiJx1UIrNotOWUDr4m+9SLx7xannqxk0O8R4XcSvuYXmXRX6FDdGi5J7HO9aw1YeEU91LeowP6Cu+O1Q==}
    peerDependencies:
      '@dotnest/core': 20250227.0.2
      '@dotnest/gateway': 20250227.0.2
      '@nestjs/swagger': 11.0.5

  '@dotnest/core@20250227.0.2':
    resolution: {integrity: sha512-nHCPRUkkhtzUlAP5troYZodc1PGs7+M7ce32YACusE+ybRStSSOd9vL9NVYFsyKAOKsuLgIQEn1AgniltMMwiA==}

  '@dotnest/gateway@20250227.0.2':
    resolution: {integrity: sha512-+8D855TDiCCNnyT+vmbCMJ/Wc4XAllortnCXqnHBIKmE/DMmj45MRIwgF/TFjl37AN47e2yy9BkA0MVwHko5Mw==}

  '@jridgewell/resolve-uri@3.1.2':
    resolution: {integrity: sha512-bRISgCIjP20/tbWSPWMEi54QVPRZExkuD9lJL+UIxUKtwVJA8wW1Trb1jMs1RFXo1CBTNZ/5hpC9QvmKWdopKw==}
    engines: {node: '>=6.0.0'}

  '@jridgewell/sourcemap-codec@1.5.0':
    resolution: {integrity: sha512-gv3ZRaISU3fjPAgNsriBRqGWQL6quFx04YMPW/zD8XMLsU32mhCCbfbO6KZFLjvYpCZ8zyDEgqsgf+PwPaM7GQ==}

  '@jridgewell/trace-mapping@0.3.9':
    resolution: {integrity: sha512-3Belt6tdc8bPgAtbcmdtNJlirVoTmEb5e2gC94PnkwEW9jI6CAHUeoG85tjWP5WquqfavoMtMwiG4P926ZKKuQ==}

  '@lukeed/csprng@1.1.0':
    resolution: {integrity: sha512-Z7C/xXCiGWsg0KuKsHTKJxbWhpI3Vs5GwLfOean7MGyVFGqdRgBbAjOCh6u4bbjPc/8MJ2pZmK/0DLdCbivLDA==}
    engines: {node: '>=8'}

  '@microsoft/tsdoc@0.15.1':
    resolution: {integrity: sha512-4aErSrCR/On/e5G2hDP0wjooqDdauzEbIq8hIkIe5pXV0rtWJZvdCEKL0ykZxex+IxIwBp0eGeV48hQN07dXtw==}

  '@nestjs/common@11.0.10':
    resolution: {integrity: sha512-pzGXp14KF2Q4CDZGQgPK4l8zEg7i6cNkb+10yc8ZA5K41cLe3ZbWW1YxtY2e/glHauOJwTLSVjH4tiRVtOTizg==}
    peerDependencies:
      class-transformer: '*'
      class-validator: '*'
      reflect-metadata: ^0.1.12 || ^0.2.0
      rxjs: ^7.1.0
    peerDependenciesMeta:
      class-transformer:
        optional: true
      class-validator:
        optional: true

  '@nestjs/core@11.0.10':
    resolution: {integrity: sha512-f0qB8ztNWZeAD4E4fUdHConmNYCa/A78U7WJu5mX9OLYfOAs3ESYCDfsH9MRUvkA4Ft4Y1uMmyJo5L4fg4+beg==}
    engines: {node: '>= 20'}
    peerDependencies:
      '@nestjs/common': ^11.0.0
      '@nestjs/microservices': ^11.0.0
      '@nestjs/platform-express': ^11.0.0
      '@nestjs/websockets': ^11.0.0
      reflect-metadata: ^0.1.12 || ^0.2.0
      rxjs: ^7.1.0
    peerDependenciesMeta:
      '@nestjs/microservices':
        optional: true
      '@nestjs/platform-express':
        optional: true
      '@nestjs/websockets':
        optional: true

  '@nestjs/mapped-types@2.1.0':
    resolution: {integrity: sha512-W+n+rM69XsFdwORF11UqJahn4J3xi4g/ZEOlJNL6KoW5ygWSmBB2p0S2BZ4FQeS/NDH72e6xIcu35SfJnE8bXw==}
    peerDependencies:
      '@nestjs/common': ^10.0.0 || ^11.0.0
      class-transformer: ^0.4.0 || ^0.5.0
      class-validator: ^0.13.0 || ^0.14.0
      reflect-metadata: ^0.1.12 || ^0.2.0
    peerDependenciesMeta:
      class-transformer:
        optional: true
      class-validator:
        optional: true

  '@nestjs/platform-express@11.0.10':
    resolution: {integrity: sha512-UVSf0yaWFBC2Zn2FOWABXxCnyG8XNIXrNnvTFpbUFqaJu1YDdwJ7wQBBqxq9CtJT7ILqSmfhOU7HS0d/0EAxpw==}
    peerDependencies:
      '@nestjs/common': ^11.0.0
      '@nestjs/core': ^11.0.0

  '@nestjs/swagger@11.0.5':
    resolution: {integrity: sha512-3z4rl7FgbLPBvJwR45nBDju4QFH7vufs9Ums8sCoc6T1O1dqpNpxz0sKfXiP5QA6AUljks1jARfOHeHeJ4zWBA==}
    peerDependencies:
      '@fastify/static': ^8.0.0
      '@nestjs/common': ^11.0.1
      '@nestjs/core': ^11.0.1
      class-transformer: '*'
      class-validator: '*'
      reflect-metadata: ^0.1.12 || ^0.2.0
    peerDependenciesMeta:
      '@fastify/static':
        optional: true
      class-transformer:
        optional: true
      class-validator:
        optional: true

  '@nuxt/opencollective@0.4.1':
    resolution: {integrity: sha512-GXD3wy50qYbxCJ652bDrDzgMr3NFEkIS374+IgFQKkCvk9yiYcLvX2XDYr7UyQxf4wK0e+yqDYRubZ0DtOxnmQ==}
    engines: {node: ^14.18.0 || >=16.10.0, npm: '>=5.10.0'}
    hasBin: true

  '@scarf/scarf@1.4.0':
    resolution: {integrity: sha512-xxeapPiUXdZAE3che6f3xogoJPeZgig6omHEy1rIY5WVsB3H2BHNnZH+gHG6x91SCWyQCzWGsuL2Hh3ClO5/qQ==}

  '@tsconfig/node10@1.0.11':
    resolution: {integrity: sha512-DcRjDCujK/kCk/cUe8Xz8ZSpm8mS3mNNpta+jGCA6USEDfktlNvm1+IuZ9eTcDbNk41BHwpHHeW+N1lKCz4zOw==}

  '@tsconfig/node12@1.0.11':
    resolution: {integrity: sha512-cqefuRsh12pWyGsIoBKJA9luFu3mRxCA+ORZvA4ktLSzIuCUtWVxGIuXigEwO5/ywWFMZ2QEGKWvkZG1zDMTag==}

  '@tsconfig/node14@1.0.3':
    resolution: {integrity: sha512-ysT8mhdixWK6Hw3i1V2AeRqZ5WfXg1G43mqoYlM2nc6388Fq5jcXyr5mRsqViLx/GJYdoL0bfXD8nmF+Zn/Iow==}

  '@tsconfig/node16@1.0.4':
    resolution: {integrity: sha512-vxhUy4J8lyeyinH7Azl1pdd43GJhZH/tP2weN8TntQblOY+A0XbT8DJk1/oCPuOOyg/Ja757rG0CgHcWC8OfMA==}

  '@types/node@22.13.5':
    resolution: {integrity: sha512-+lTU0PxZXn0Dr1NBtC7Y8cR21AJr87dLLU953CWA6pMxxv/UDc7jYAY90upcrie1nRcD6XNG5HOYEDtgW5TxAg==}

  accepts@2.0.0:
    resolution: {integrity: sha512-5cvg6CtKwfgdmVqY1WIiXKc3Q1bkRqGLi+2W/6ao+6Y7gu/RCwRuAhGEzh5B4KlszSuTLgZYuqFqo5bImjNKng==}
    engines: {node: '>= 0.6'}

  acorn-walk@8.3.4:
    resolution: {integrity: sha512-ueEepnujpqee2o5aIYnvHU6C0A42MNdsIDeqy5BydrkuC5R1ZuUFnm27EeFJGoEHJQgn3uleRvmTXaJgfXbt4g==}
    engines: {node: '>=0.4.0'}

  acorn@8.12.1:
    resolution: {integrity: sha512-tcpGyI9zbizT9JbV6oYE477V6mTlXvvi0T0G3SNIYE2apm/G5huBa1+K89VGeovbg+jycCrfhl3ADxErOuO6Jg==}
    engines: {node: '>=0.4.0'}
    hasBin: true

  append-field@1.0.0:
    resolution: {integrity: sha512-klpgFSWLW1ZEs8svjfb7g4qWY0YS5imI82dTg+QahUvJ8YqAY0P10Uk8tTyh9ZGuYEZEMaeJYCF5BFuX552hsw==}

  arg@4.1.3:
    resolution: {integrity: sha512-58S9QDqG0Xx27YwPSt9fJxivjYl432YCwfDMfZ+71RAqUrZef7LrKQZ3LHLOwCS4FLNBplP533Zx895SeOCHvA==}

  argparse@2.0.1:
    resolution: {integrity: sha512-8+9WqebbFzpX9OR+Wa6O29asIogeRMzcGtAINdpMHHyAg10f05aSFVBbcEqGf/PXw1EjAZ+q2/bEBg3DvurK3Q==}

  asynckit@0.4.0:
    resolution: {integrity: sha512-Oei9OH4tRh0YqU3GxhX79dM/mwVgvbZJaSNaRk+bshkj0S5cfHcgYakreBjrHwatXKbz+IoIdYLxrKim2MjW0Q==}

  axios@1.8.1:
    resolution: {integrity: sha512-NN+fvwH/kV01dYUQ3PTOZns4LWtWhOFCAhQ/pHb88WQ1hNe5V/dvFwc4VJcDL11LT9xSX0QtsR8sWUuyOuOq7g==}

  body-parser@2.1.0:
    resolution: {integrity: sha512-/hPxh61E+ll0Ujp24Ilm64cykicul1ypfwjVttduAiEdtnJFvLePSrIPk+HMImtNv5270wOGCb1Tns2rybMkoQ==}
    engines: {node: '>=18'}

  buffer-from@1.1.2:
    resolution: {integrity: sha512-E+XQCRwSbaaiChtv6k6Dwgc+bx+Bs6vuKJHHl5kox/BaKbhiXzqQOwK4cO22yElGp2OCmjwVhT3HmxgyPGnJfQ==}

  busboy@1.6.0:
    resolution: {integrity: sha512-8SFQbg/0hQ9xy3UNTB0YEnsNBbWfhf7RtnzpL7TkBiTBRfrQ9Fxcnz7VJsleJpyp6rVLvXiuORqjlHi5q+PYuA==}
    engines: {node: '>=10.16.0'}

  bytes@3.1.2:
    resolution: {integrity: sha512-/Nf7TyzTx6S3yRJObOAV7956r8cr2+Oj8AC5dt8wSP3BQAoeX58NoHyCU8P8zGkNXStjTSi6fzO6F0pBdcYbEg==}
    engines: {node: '>= 0.8'}

  call-bind-apply-helpers@1.0.2:
    resolution: {integrity: sha512-Sp1ablJ0ivDkSzjcaJdxEunN5/XvksFJ2sMBFfq6x0ryhQV/2b/KwFe21cMpmHtPOSij8K99/wSfoEuTObmuMQ==}
    engines: {node: '>= 0.4'}

  call-bound@1.0.3:
    resolution: {integrity: sha512-YTd+6wGlNlPxSuri7Y6X8tY2dmm12UMH66RpKMhiX6rsk5wXXnYgbUcOt8kiS31/AjfoTOvCsE+w8nZQLQnzHA==}
    engines: {node: '>= 0.4'}

  combined-stream@1.0.8:
    resolution: {integrity: sha512-FQN4MRfuJeHf7cBbBMJFXhKSDq+2kAArBlmRBvcvFE5BB1HZKXtSFASDhdlz9zOYwxh8lDdnvmMOe/+5cdoEdg==}
    engines: {node: '>= 0.8'}

  concat-stream@1.6.2:
    resolution: {integrity: sha512-27HBghJxjiZtIk3Ycvn/4kbJk/1uZuJFfuPEns6LaEvpvG1f0hTea8lilrouyo9mVc2GWdcEZ8OLoGmSADlrCw==}
    engines: {'0': node >= 0.8}

  consola@3.4.0:
    resolution: {integrity: sha512-EiPU8G6dQG0GFHNR8ljnZFki/8a+cQwEQ+7wpxdChl02Q8HXlwEZWD5lqAF8vC2sEC3Tehr8hy7vErz88LHyUA==}
    engines: {node: ^14.18.0 || >=16.10.0}

  content-disposition@1.0.0:
    resolution: {integrity: sha512-Au9nRL8VNUut/XSzbQA38+M78dzP4D+eqg3gfJHMIHHYa3bg067xj1KxMUWj+VULbiZMowKngFFbKczUrNJ1mg==}
    engines: {node: '>= 0.6'}

  content-type@1.0.5:
    resolution: {integrity: sha512-nTjqfcBFEipKdXCv4YDQWCfmcLZKm81ldF0pAopTvyrFGVbcR6P/VAAd5G7N+0tTr8QqiU0tFadD6FK4NtJwOA==}
    engines: {node: '>= 0.6'}

  cookie-signature@1.2.2:
    resolution: {integrity: sha512-D76uU73ulSXrD1UXF4KE2TMxVVwhsnCgfAyTg9k8P6KGZjlXKrOLe4dJQKI3Bxi5wjesZoFXJWElNWBjPZMbhg==}
    engines: {node: '>=6.6.0'}

  cookie@0.7.1:
    resolution: {integrity: sha512-6DnInpx7SJ2AK3+CTUE/ZM0vWTUboZCegxhC2xiIydHR9jNuTAASBrfEpHhiGOZw/nX51bHt6YQl8jsGo4y/0w==}
    engines: {node: '>= 0.6'}

  core-util-is@1.0.3:
    resolution: {integrity: sha512-ZQBvi1DcpJ4GDqanjucZ2Hj3wEO5pZDS89BWbkcrvdxksJorwUDDZamX9ldFkp9aw2lmBDLgkObEA4DWNJ9FYQ==}

  cors@2.8.5:
    resolution: {integrity: sha512-KIHbLJqu73RGr/hnbrO9uBeixNGuvSQjul/jdFvS/KFSIH1hWVd1ng7zOHx+YrEfInLG7q4n6GHQ9cDtxv/P6g==}
    engines: {node: '>= 0.10'}

  create-require@1.1.1:
    resolution: {integrity: sha512-dcKFX3jn0MpIaXjisoRvexIJVEKzaq7z2rZKxf+MSr9TkdmHmsU4m2lcLojrj/FHl8mk5VxMmYA+ftRkP/3oKQ==}

  debug@2.6.9:
    resolution: {integrity: sha512-bC7ElrdJaJnPbAP+1EotYvqZsb3ecl5wi6Bfi6BJTUcNowp6cvspg0jXznRTKDjm/E7AdgFBVeAPVMNcKGsHMA==}
    peerDependencies:
      supports-color: '*'
    peerDependenciesMeta:
      supports-color:
        optional: true

  debug@4.3.6:
    resolution: {integrity: sha512-O/09Bd4Z1fBrU4VzkhFqVgpPzaGbw6Sm9FEkBT1A/YBXQFGuuSxa1dN2nxgxS34JmKXqYx8CZAwEVoJFImUXIg==}
    engines: {node: '>=6.0'}
    peerDependencies:
      supports-color: '*'
    peerDependenciesMeta:
      supports-color:
        optional: true

  debug@4.4.0:
    resolution: {integrity: sha512-6WTZ/IxCY/T6BALoZHaE4ctp9xm+Z5kY/pzYaCHRFeyVhojxlrm+46y68HA6hr0TcwEssoxNiDEUJQjfPZ/RYA==}
    engines: {node: '>=6.0'}
    peerDependencies:
      supports-color: '*'
    peerDependenciesMeta:
      supports-color:
        optional: true

  delayed-stream@1.0.0:
    resolution: {integrity: sha512-ZySD7Nf91aLB0RxL4KGrKHBXl7Eds1DAmEdcoVawXnLD7SDhpNgtuII2aAkg7a7QS41jxPSZ17p4VdGnMHk3MQ==}
    engines: {node: '>=0.4.0'}

  depd@2.0.0:
    resolution: {integrity: sha512-g7nH6P6dyDioJogAAGprGpCtVImJhpPk/roCzdb3fIh61/s/nPsfR6onyMwkCAR/OlC3yBC0lESvUoQEAssIrw==}
    engines: {node: '>= 0.8'}

  destroy@1.2.0:
    resolution: {integrity: sha512-2sJGJTaXIIaR1w4iJSNoN0hnMY7Gpc/n8D4qSCJw8QqFWXf7cuAgnEHxBpweaVcPevC2l3KpjYCx3NypQQgaJg==}
    engines: {node: '>= 0.8', npm: 1.2.8000 || >= 1.4.16}

  diff@4.0.2:
    resolution: {integrity: sha512-58lmxKSA4BNyLz+HHMUzlOEpg09FV+ev6ZMe3vJihgdxzgcwZ8VoEEPmALCZG9LmqfVoNMMKpttIYTVG6uDY7A==}
    engines: {node: '>=0.3.1'}

  dunder-proto@1.0.1:
    resolution: {integrity: sha512-KIN/nDJBQRcXw0MLVhZE9iQHmG68qAVIBg9CqmUYjmQIhgij9U5MFvrqkUL5FbtyyzZuOeOt0zdeRe4UY7ct+A==}
    engines: {node: '>= 0.4'}

  ee-first@1.1.1:
    resolution: {integrity: sha512-WMwm9LhRUo+WUaRN+vRuETqG89IgZphVSNkdFgeb6sS/E4OrDIN7t48CAewSHXc6C8lefD8KKfr5vY61brQlow==}

  encodeurl@1.0.2:
    resolution: {integrity: sha512-TPJXq8JqFaVYm2CWmPvnP2Iyo4ZSM7/QKcSmuMLDObfpH5fi7RUGmd/rTDf+rut/saiDiQEeVTNgAmJEdAOx0w==}
    engines: {node: '>= 0.8'}

  encodeurl@2.0.0:
    resolution: {integrity: sha512-Q0n9HRi4m6JuGIV1eFlmvJB7ZEVxu93IrMyiMsGC0lrMJMWzRgx6WGquyfQgZVb31vhGgXnfmPNNXmxnOkRBrg==}
    engines: {node: '>= 0.8'}

  es-define-property@1.0.1:
    resolution: {integrity: sha512-e3nRfgfUZ4rNGL232gUgX06QNyyez04KdjFrF+LTRoOXmrOgFKDg4BCdsjW8EnT69eqdYGmRpJwiPVYNrCaW3g==}
    engines: {node: '>= 0.4'}

  es-errors@1.3.0:
    resolution: {integrity: sha512-Zf5H2Kxt2xjTvbJvP2ZWLEICxA6j+hAmMzIlypy4xcBg1vKVnx89Wy0GbS+kf5cwCVFFzdCFh2XSCFNULS6csw==}
    engines: {node: '>= 0.4'}

  es-object-atoms@1.1.1:
    resolution: {integrity: sha512-FGgH2h8zKNim9ljj7dankFPcICIK9Cp5bm+c2gQSYePhpaG5+esrLODihIorn+Pe6FGJzWhXQotPv73jTaldXA==}
    engines: {node: '>= 0.4'}

  es-set-tostringtag@2.1.0:
    resolution: {integrity: sha512-j6vWzfrGVfyXxge+O0x5sh6cvxAog0a/4Rdd2K36zCMV5eJ+/+tOAngRO8cODMNWbVRdVlmGZQL2YS3yR8bIUA==}
    engines: {node: '>= 0.4'}

  escape-html@1.0.3:
    resolution: {integrity: sha512-NiSupZ4OeuGwr68lGIeym/ksIZMJodUGOSCZ/FSnTxcrekbvqrgdUxlJOMpijaKZVjAJrWrGs/6Jy8OMuyj9ow==}

  etag@1.8.1:
    resolution: {integrity: sha512-aIL5Fx7mawVa300al2BnEE4iNvo1qETxLrPI/o05L7z6go7fCw1J6EQmbK4FmJ2AS7kgVF/KEZWufBfdClMcPg==}
    engines: {node: '>= 0.6'}

  express@5.0.1:
    resolution: {integrity: sha512-ORF7g6qGnD+YtUG9yx4DFoqCShNMmUKiXuT5oWMHiOvt/4WFbHC6yCwQMTSBMno7AqntNCAzzcnnjowRkTL9eQ==}
    engines: {node: '>= 18'}

  fast-safe-stringify@2.1.1:
    resolution: {integrity: sha512-W+KJc2dmILlPplD/H4K9l9LcAHAfPtP6BY84uVLXQ6Evcz9Lcg33Y2z1IVblT6xdY54PXYVHEv+0Wpq8Io6zkA==}

  finalhandler@2.0.0:
    resolution: {integrity: sha512-MX6Zo2adDViYh+GcxxB1dpO43eypOGUOL12rLCOTMQv/DfIbpSJUy4oQIIZhVZkH9e+bZWKMon0XHFEju16tkQ==}
    engines: {node: '>= 0.8'}

  follow-redirects@1.15.9:
    resolution: {integrity: sha512-gew4GsXizNgdoRyqmyfMHyAmXsZDk6mHkSxZFCzW9gwlbtOW44CDtYavM+y+72qD/Vq2l550kMF52DT8fOLJqQ==}
    engines: {node: '>=4.0'}
    peerDependencies:
      debug: '*'
    peerDependenciesMeta:
      debug:
        optional: true

  form-data@4.0.2:
    resolution: {integrity: sha512-hGfm/slu0ZabnNt4oaRZ6uREyfCj6P4fT/n6A1rGV+Z0VdGXjfOhVUpkn6qVQONHGIFwmveGXyDs75+nr6FM8w==}
    engines: {node: '>= 6'}

  forwarded@0.2.0:
    resolution: {integrity: sha512-buRG0fpBtRHSTCOASe6hD258tEubFoRLb4ZNA6NxMVHNw2gOcwHo9wyablzMzOA5z9xA9L1KNjk/Nt6MT9aYow==}
    engines: {node: '>= 0.6'}

  fresh@0.5.2:
    resolution: {integrity: sha512-zJ2mQYM18rEFOudeV4GShTGIQ7RbzA7ozbU9I/XBpm7kqgMywgmylMwXHxZJmkVoYkna9d2pVXVXPdYTP9ej8Q==}
    engines: {node: '>= 0.6'}

  fresh@2.0.0:
    resolution: {integrity: sha512-Rx/WycZ60HOaqLKAi6cHRKKI7zxWbJ31MhntmtwMoaTeF7XFH9hhBp8vITaMidfljRQ6eYWCKkaTK+ykVJHP2A==}
    engines: {node: '>= 0.8'}

  function-bind@1.1.2:
    resolution: {integrity: sha512-7XHNxH7qX9xG5mIwxkhumTox/MIRNcOgDrxWsMt2pAr23WHp6MrRlN7FBSFpCpr+oVO0F744iUgR82nJMfG2SA==}

  get-intrinsic@1.3.0:
    resolution: {integrity: sha512-9fSjSaos/fRIVIp+xSJlE6lfwhES7LNtKaCBIamHsjr2na1BiABJPo0mOjjz8GJDURarmCPGqaiVg5mfjb98CQ==}
    engines: {node: '>= 0.4'}

  get-proto@1.0.1:
    resolution: {integrity: sha512-sTSfBjoXBp89JvIKIefqw7U2CCebsc74kiY6awiGogKtoSGbgjYE/G/+l9sF3MWFPNc9IcoOC4ODfKHfxFmp0g==}
    engines: {node: '>= 0.4'}

  gopd@1.2.0:
    resolution: {integrity: sha512-ZUKRh6/kUFoAiTAtTYPZJ3hw9wNxx+BIBOijnlG9PnrJsCcSjs1wyyD6vJpaYtgnzDrKYRSqf3OO6Rfa93xsRg==}
    engines: {node: '>= 0.4'}

  has-symbols@1.1.0:
    resolution: {integrity: sha512-1cDNdwJ2Jaohmb3sg4OmKaMBwuC48sYni5HUw2DvsC8LjGTLK9h+eb1X6RyuOHe4hT0ULCW68iomhjUoKUqlPQ==}
    engines: {node: '>= 0.4'}

  has-tostringtag@1.0.2:
    resolution: {integrity: sha512-NqADB8VjPFLM2V0VvHUewwwsw0ZWBaIdgo+ieHtK3hasLz4qeCRjYcqfB6AQrBggRKppKF8L52/VqdVsO47Dlw==}
    engines: {node: '>= 0.4'}

  hasown@2.0.2:
    resolution: {integrity: sha512-0hJU9SCPvmMzIBdZFqNPXWa6dqh7WdH0cII9y+CyS8rG3nL48Bclra9HmKhVVUHyPWNH5Y7xDwAB7bfgSjkUMQ==}
    engines: {node: '>= 0.4'}

  http-errors@2.0.0:
    resolution: {integrity: sha512-FtwrG/euBzaEjYeRqOgly7G0qviiXoJWnvEH2Z1plBdXgbyjv34pHTSb9zoeHMyDy33+DWy5Wt9Wo+TURtOYSQ==}
    engines: {node: '>= 0.8'}

  iconv-lite@0.5.2:
    resolution: {integrity: sha512-kERHXvpSaB4aU3eANwidg79K8FlrN77m8G9V+0vOR3HYaRifrlwMEpT7ZBJqLSEIHnEgJTHcWK82wwLwwKwtag==}
    engines: {node: '>=0.10.0'}

  iconv-lite@0.6.3:
    resolution: {integrity: sha512-4fCk79wshMdzMp2rH06qWrJE4iolqLhCUH+OiuIgU++RB0+94NlDL81atO7GX55uUKueo0txHNtvEyI6D7WdMw==}
    engines: {node: '>=0.10.0'}

  inherits@2.0.4:
    resolution: {integrity: sha512-k/vGaX4/Yla3WzyMCvTQOXYeIHvqOKtnqBduzTHpzpQZzAskKMhZ2K+EnBiSM9zGSoIFeMpXKxa4dYeZIQqewQ==}

  ipaddr.js@1.9.1:
    resolution: {integrity: sha512-0KI/607xoxSToH7GjN1FfSbLoU0+btTicjsQSWQlh/hZykN8KpmMf7uYwPW3R+akZ6R/w18ZlXSHBYXiYUPO3g==}
    engines: {node: '>= 0.10'}

  is-promise@4.0.0:
    resolution: {integrity: sha512-hvpoI6korhJMnej285dSg6nu1+e6uxs7zG3BYAm5byqDsgJNWwxzM6z6iZiAgQR4TJ30JmBTOwqZUw3WlyH3AQ==}

  isarray@1.0.0:
    resolution: {integrity: sha512-VLghIWNM6ELQzo7zwmcg0NmTVyWKYjvIeM83yjp0wRDTmUnrM678fQbcKBo6n2CJEF0szoG//ytg+TKla89ALQ==}

  iterare@1.2.1:
    resolution: {integrity: sha512-RKYVTCjAnRthyJes037NX/IiqeidgN1xc3j1RjFfECFp28A1GVwK9nA+i0rJPaHqSZwygLzRnFlzUuHFoWWy+Q==}
    engines: {node: '>=6'}

  js-yaml@4.1.0:
    resolution: {integrity: sha512-wpxZs9NoxZaJESJGIZTyDEaYpl0FKSA+FB9aJiyemKhMwkxQg63h4T1KJgUGHpTqPDNRcmmYLugrRjJlBtWvRA==}
    hasBin: true

  lodash@4.17.21:
    resolution: {integrity: sha512-v2kDEe57lecTulaDIuNTPy3Ry4gLGJ6Z1O3vE1krgXZNrsQ+LFTGHVxVjcXPs17LhbZVGedAJv8XZ1tvj5FvSg==}

  make-error@1.3.6:
    resolution: {integrity: sha512-s8UhlNe7vPKomQhC1qFelMokr/Sc3AgNbso3n74mVPA5LTZwkB9NlXf4XPamLxJE8h0gh73rM94xvwRT2CVInw==}

  math-intrinsics@1.1.0:
    resolution: {integrity: sha512-/IXtbwEk5HTPyEwyKX6hGkYXxM9nbj64B+ilVJnC/R6B0pH5G4V3b0pVbL7DBj4tkhBAppbQUlf6F6Xl9LHu1g==}
    engines: {node: '>= 0.4'}

  media-typer@0.3.0:
    resolution: {integrity: sha512-dq+qelQ9akHpcOl/gUVRTxVIOkAJ1wR3QAvb4RsVjS8oVoFjDGTc679wJYmUmknUF5HwMLOgb5O+a3KxfWapPQ==}
    engines: {node: '>= 0.6'}

  media-typer@1.1.0:
    resolution: {integrity: sha512-aisnrDP4GNe06UcKFnV5bfMNPBUw4jsLGaWwWfnH3v02GnBuXX2MCVn5RbrWo0j3pczUilYblq7fQ7Nw2t5XKw==}
    engines: {node: '>= 0.8'}

  merge-descriptors@2.0.0:
    resolution: {integrity: sha512-Snk314V5ayFLhp3fkUREub6WtjBfPdCPY1Ln8/8munuLuiYhsABgBVWsozAG+MWMbVEvcdcpbi9R7ww22l9Q3g==}
    engines: {node: '>=18'}

  methods@1.1.2:
    resolution: {integrity: sha512-iclAHeNqNm68zFtnZ0e+1L2yUIdvzNoauKU4WBA3VvH/vPFieF7qfRlwUZU+DA9P9bPXIS90ulxoUoCH23sV2w==}
    engines: {node: '>= 0.6'}

  mime-db@1.52.0:
    resolution: {integrity: sha512-sPU4uV7dYlvtWJxwwxHD0PuihVNiE7TyAbQ5SWxDCB9mUYvOgroQOwYQQOKPJ8CIbE+1ETVlOoK1UC2nU3gYvg==}
    engines: {node: '>= 0.6'}

  mime-db@1.53.0:
    resolution: {integrity: sha512-oHlN/w+3MQ3rba9rqFr6V/ypF10LSkdwUysQL7GkXoTgIWeV+tcXGA852TBxH+gsh8UWoyhR1hKcoMJTuWflpg==}
    engines: {node: '>= 0.6'}

  mime-types@2.1.35:
    resolution: {integrity: sha512-ZDY+bPm5zTTF+YpCrAU9nK0UgICYPT0QtT1NZWFv4s++TNkcgVaT0g6+4R2uI4MjQjzysHB1zxuWL50hzaeXiw==}
    engines: {node: '>= 0.6'}

  mime-types@3.0.0:
    resolution: {integrity: sha512-XqoSHeCGjVClAmoGFG3lVFqQFRIrTVw2OH3axRqAcfaw+gHWIfnASS92AV+Rl/mk0MupgZTRHQOjxY6YVnzK5w==}
    engines: {node: '>= 0.6'}

  minimist@1.2.8:
    resolution: {integrity: sha512-2yyAR8qBkN3YuheJanUpWC5U3bb5osDywNB8RzDVlDwDHbocAJveqqj1u8+SVD7jkWT4yvsHCpWqqWqAxb0zCA==}

  mkdirp@0.5.6:
    resolution: {integrity: sha512-FP+p8RB8OWpF3YZBCrP5gtADmtXApB5AMLn+vdyA+PyxCjrCs00mjyUozssO33cwDeT3wNGdLxJ5M//YqtHAJw==}
    hasBin: true

  ms@2.0.0:
    resolution: {integrity: sha512-Tpp60P6IUJDTuOq/5Z8cdskzJujfwqfOTkrwIwj7IRISpnkJnT6SyJ4PCPnGMoFjC9ddhal5KVIYtAt97ix05A==}

  ms@2.1.2:
    resolution: {integrity: sha512-sGkPx+VjMtmA6MX27oA4FBFELFCZZ4S4XqeGOXCv68tT+jb3vk/RyaKWP0PTKyWtmLSM0b+adUTEvbs1PEaH2w==}

  ms@2.1.3:
    resolution: {integrity: sha512-6FlzubTLZG3J2a/NVCAleEhjzq5oxgHyaCU9yYXvcLsvoVaHJq/s5xXI6/XXP6tz7R9xAOtHnSO/tXtF3WRTlA==}

  multer@1.4.5-lts.1:
    resolution: {integrity: sha512-ywPWvcDMeH+z9gQq5qYHCCy+ethsk4goepZ45GLD63fOu0YcNecQxi64nDs3qluZB+murG3/D4dJ7+dGctcCQQ==}
    engines: {node: '>= 6.0.0'}

  negotiator@1.0.0:
    resolution: {integrity: sha512-8Ofs/AUQh8MaEcrlq5xOX0CQ9ypTF5dl78mjlMNfOK08fzpgTHQRQPBxcPlEtIw0yRpws+Zo/3r+5WRby7u3Gg==}
    engines: {node: '>= 0.6'}

  object-assign@4.1.1:
    resolution: {integrity: sha512-rJgTQnkUnH1sFw8yT6VSU3zD3sWmu6sZhIseY8VX+GRu3P6F7Fu+JNDoXfklElbLJSnc3FUQHVe4cU5hj+BcUg==}
    engines: {node: '>=0.10.0'}

  object-inspect@1.13.4:
    resolution: {integrity: sha512-W67iLl4J2EXEGTbfeHCffrjDfitvLANg0UlX3wFUUSTx92KXRFegMHUVgSqE+wvhAbi4WqjGg9czysTV2Epbew==}
    engines: {node: '>= 0.4'}

  on-finished@2.4.1:
    resolution: {integrity: sha512-oVlzkg3ENAhCk2zdv7IJwd/QUD4z2RxRwpkcGY8psCVcCYZNq4wYnVWALHM+brtuJjePWiYF/ClmuDr8Ch5+kg==}
    engines: {node: '>= 0.8'}

  once@1.4.0:
    resolution: {integrity: sha512-lNaJgI+2Q5URQBkccEKHTQOPaXdUxnZZElQTZY0MFUAuaEqe1E+Nyvgdz/aIyNi6Z9MzO5dv1H8n58/GELp3+w==}

  parseurl@1.3.3:
    resolution: {integrity: sha512-CiyeOxFT/JZyN5m0z9PfXw4SCBJ6Sygz1Dpl0wqjlhDEGGBP1GnsUVEL0p63hoG1fcj3fHynXi9NYO4nWOL+qQ==}
    engines: {node: '>= 0.8'}

  path-to-regexp@8.2.0:
    resolution: {integrity: sha512-TdrF7fW9Rphjq4RjrW0Kp2AW0Ahwu9sRGTkS6bvDi0SCwZlEZYmcfDbEsTz8RVk0EHIS/Vd1bv3JhG+1xZuAyQ==}
    engines: {node: '>=16'}

  process-nextick-args@2.0.1:
    resolution: {integrity: sha512-3ouUOpQhtgrbOa17J7+uxOTpITYWaGP7/AhoR3+A+/1e9skrzelGi/dXzEYyvbxubEF6Wn2ypscTKiKJFFn1ag==}

  proxy-addr@2.0.7:
    resolution: {integrity: sha512-llQsMLSUDUPT44jdrU/O37qlnifitDP+ZwrmmZcoSKyLKvtZxpyV0n2/bD/N4tBAAZ/gJEdZU7KMraoK1+XYAg==}
    engines: {node: '>= 0.10'}

  proxy-from-env@1.1.0:
    resolution: {integrity: sha512-D+zkORCbA9f1tdWRK0RaCR3GPv50cMxcrz4X8k5LTSUD1Dkw47mKJEZQNunItRTkWwgtaUSo1RVFRIG9ZXiFYg==}

  qs@6.13.0:
    resolution: {integrity: sha512-+38qI9SOr8tfZ4QmJNplMUxqjbe7LKvvZgWdExBOmd+egZTtjLB67Gu0HRX3u/XOq7UU2Nx6nsjvS16Z9uwfpg==}
    engines: {node: '>=0.6'}

  qs@6.14.0:
    resolution: {integrity: sha512-YWWTjgABSKcvs/nWBi9PycY/JiPJqOD4JA6o9Sej2AtvSGarXxKC3OQSk4pAarbdQlKAh5D4FCQkJNkW+GAn3w==}
    engines: {node: '>=0.6'}

  range-parser@1.2.1:
    resolution: {integrity: sha512-Hrgsx+orqoygnmhFbKaHE6c296J+HTAQXoxEF6gNupROmmGJRoyzfG3ccAveqCBrwr/2yxQ5BVd/GTl5agOwSg==}
    engines: {node: '>= 0.6'}

  raw-body@3.0.0:
    resolution: {integrity: sha512-RmkhL8CAyCRPXCE28MMH0z2PNWQBNk2Q09ZdxM9IOOXwxwZbN+qbWaatPkdkWIKL2ZVDImrN/pK5HTRz2PcS4g==}
    engines: {node: '>= 0.8'}

  readable-stream@2.3.8:
    resolution: {integrity: sha512-8p0AUk4XODgIewSi0l8Epjs+EVnWiK7NoDIEGU0HhE7+ZyY8D1IMY7odu5lRrFXGg71L15KG8QrPmum45RTtdA==}

  reflect-metadata@0.2.2:
    resolution: {integrity: sha512-urBwgfrvVP/eAyXx4hluJivBKzuEbSQs9rKWCrCkbSxNv8mxPcUZKeuoF3Uy4mJl3Lwprp6yy5/39VWigZ4K6Q==}

  router@2.1.0:
    resolution: {integrity: sha512-/m/NSLxeYEgWNtyC+WtNHCF7jbGxOibVWKnn+1Psff4dJGOfoXP+MuC/f2CwSmyiHdOIzYnYFp4W6GxWfekaLA==}
    engines: {node: '>= 18'}

  rxjs@7.8.2:
    resolution: {integrity: sha512-dhKf903U/PQZY6boNNtAGdWbG85WAbjT/1xYoZIC7FAY0yWapOBQVsVrDl58W86//e1VpMNBtRV4MaXfdMySFA==}

  safe-buffer@5.1.2:
    resolution: {integrity: sha512-Gd2UZBJDkXlY7GbJxfsE8/nvKkUEU1G38c1siN6QP6a9PT9MmHB8GnpscSmMJSoF8LOIrt8ud/wPtojys4G6+g==}

  safe-buffer@5.2.1:
    resolution: {integrity: sha512-rp3So07KcdmmKbGvgaNxQSJr7bGVSVk5S9Eq1F+ppbRo70+YeaDxkw5Dd8NPN+GD6bjnYm2VuPuCXmpuYvmCXQ==}

  safer-buffer@2.1.2:
    resolution: {integrity: sha512-YZo3K82SD7Riyi0E1EQPojLz7kpepnSQI9IyPbHHg1XXXevb5dJI7tpyN2ADxGcQbHG7vcyRHk0cbwqcQriUtg==}

  send@1.1.0:
    resolution: {integrity: sha512-v67WcEouB5GxbTWL/4NeToqcZiAWEq90N888fczVArY8A79J0L4FD7vj5hm3eUMua5EpoQ59wa/oovY6TLvRUA==}
    engines: {node: '>= 18'}

  serve-static@2.1.0:
    resolution: {integrity: sha512-A3We5UfEjG8Z7VkDv6uItWw6HY2bBSBJT1KtVESn6EOoOr2jAxNhxWCLY3jDE2WcuHXByWju74ck3ZgLwL8xmA==}
    engines: {node: '>= 18'}

  setprototypeof@1.2.0:
    resolution: {integrity: sha512-E5LDX7Wrp85Kil5bhZv46j8jOeboKq5JMmYM3gVGdGH8xFpPWXUMsNrlODCrkoxMEeNi/XZIwuRvY4XNwYMJpw==}

  side-channel-list@1.0.0:
    resolution: {integrity: sha512-FCLHtRD/gnpCiCHEiJLOwdmFP+wzCmDEkc9y7NsYxeF4u7Btsn1ZuwgwJGxImImHicJArLP4R0yX4c2KCrMrTA==}
    engines: {node: '>= 0.4'}

  side-channel-map@1.0.1:
    resolution: {integrity: sha512-VCjCNfgMsby3tTdo02nbjtM/ewra6jPHmpThenkTYh8pG9ucZ/1P8So4u4FGBek/BjpOVsDCMoLA/iuBKIFXRA==}
    engines: {node: '>= 0.4'}

  side-channel-weakmap@1.0.2:
    resolution: {integrity: sha512-WPS/HvHQTYnHisLo9McqBHOJk2FkHO/tlpvldyrnem4aeQp4hai3gythswg6p01oSoTl58rcpiFAjF2br2Ak2A==}
    engines: {node: '>= 0.4'}

  side-channel@1.1.0:
    resolution: {integrity: sha512-ZX99e6tRweoUXqR+VBrslhda51Nh5MTQwou5tnUDgbtyM0dBgmhEDtWGP/xbKn6hqfPRHujUNwz5fy/wbbhnpw==}
    engines: {node: '>= 0.4'}

  source-map-support@0.5.21:
    resolution: {integrity: sha512-uBHU3L3czsIyYXKX88fdrGovxdSCoTGDRZ6SYXtSRxLZUzHg5P/66Ht6uoUlHu9EZod+inXhKo3qQgwXUT/y1w==}

  source-map@0.6.1:
    resolution: {integrity: sha512-UjgapumWlbMhkBgzT7Ykc5YXUT46F0iKu8SGXq0bcwP5dz/h0Plj6enJqjz1Zbq2l5WaqYnrVbwWOWMyF3F47g==}
    engines: {node: '>=0.10.0'}

  statuses@2.0.1:
    resolution: {integrity: sha512-RwNA9Z/7PrK06rYLIzFMlaF+l73iwpzsqRIFgbMLbTcLD6cOao82TaWefPXQvB2fOC4AjuYSEndS7N/mTCbkdQ==}
    engines: {node: '>= 0.8'}

  streamsearch@1.1.0:
    resolution: {integrity: sha512-Mcc5wHehp9aXz1ax6bZUyY5afg9u2rv5cqQI3mRrYkGC8rW2hM02jWuwjtL++LS5qinSyhj2QfLyNsuc+VsExg==}
    engines: {node: '>=10.0.0'}

  string_decoder@1.1.1:
    resolution: {integrity: sha512-n/ShnvDi6FHbbVfviro+WojiFzv+s8MPMHBczVePfUpDJLwoLT0ht1l4YwBCbi8pJAveEEdnkHyPyTP/mzRfwg==}

  swagger-ui-dist@5.17.14:
    resolution: {integrity: sha512-CVbSfaLpstV65OnSjbXfVd6Sta3q3F7Cj/yYuvHMp1P90LztOLs6PfUnKEVAeiIVQt9u2SaPwv0LiH/OyMjHRw==}

  swagger-ui-dist@5.19.0:
    resolution: {integrity: sha512-bSVZeYaqanMFeW5ZY3+EejFbsjkjazYxm1I7Lz3xayYz5XU3m2aUzvuPC0jI95WCQdduszHYV3ER4buQoy8DXA==}

  swagger-ui-express@5.0.1:
    resolution: {integrity: sha512-SrNU3RiBGTLLmFU8GIJdOdanJTl4TOmT27tt3bWWHppqYmAZ6IDuEuBvMU6nZq0zLEe6b/1rACXCgLZqO6ZfrA==}
    engines: {node: '>= v0.10.32'}
    peerDependencies:
      express: '>=4.0.0 || >=5.0.0-beta'

  toidentifier@1.0.1:
    resolution: {integrity: sha512-o5sSPKEkg/DIQNmH43V0/uerLrpzVedkUh8tGNvaeXpfpuwjKenlSox/2O/BTlZUtEe+JG7s5YhEz608PlAHRA==}
    engines: {node: '>=0.6'}

  ts-node@10.9.2:
    resolution: {integrity: sha512-f0FFpIdcHgn8zcPSbf1dRevwt047YMnaiJM3u2w2RewrB+fob/zePZcrOyQoLMMO7aBIddLcQIEK5dYjkLnGrQ==}
    hasBin: true
    peerDependencies:
      '@swc/core': '>=1.2.50'
      '@swc/wasm': '>=1.2.50'
      '@types/node': '*'
      typescript: '>=2.7'
    peerDependenciesMeta:
      '@swc/core':
        optional: true
      '@swc/wasm':
        optional: true

  tslib@2.7.0:
    resolution: {integrity: sha512-gLXCKdN1/j47AiHiOkJN69hJmcbGTHI0ImLmbYLHykhgeN0jVGola9yVjFgzCUklsZQMW55o+dW7IXv3RCXDzA==}

  tslib@2.8.1:
    resolution: {integrity: sha512-oJFu94HQb+KVduSUQL7wnpmqnfmLsOA/nAh6b6EH0wCEoK0/mPeXU6c3wKDV83MkOuHPRHtSXKKU99IBazS/2w==}

  type-is@1.6.18:
    resolution: {integrity: sha512-TkRKr9sUTxEH8MdfuCSP7VizJyzRNMjj2J2do2Jr3Kym598JVdEksuzPQCnlFPW4ky9Q+iA+ma9BGm06XQBy8g==}
    engines: {node: '>= 0.6'}

  type-is@2.0.0:
    resolution: {integrity: sha512-gd0sGezQYCbWSbkZr75mln4YBidWUN60+devscpLF5mtRDUpiaTvKpBNrdaCvel1NdR2k6vclXybU5fBd2i+nw==}
    engines: {node: '>= 0.6'}

  typedarray@0.0.6:
    resolution: {integrity: sha512-/aCDEGatGvZ2BIk+HmLf4ifCJFwvKFNb9/JeZPMulfgFracn9QFcAf5GO8B/mweUjSoblS5In0cWhqpfs/5PQA==}

  typescript@5.7.3:
    resolution: {integrity: sha512-84MVSjMEHP+FQRPy3pX9sTVV/INIex71s9TL2Gm5FG/WG1SqXeKyZ0k7/blY/4FdOzI12CBy1vGc4og/eus0fw==}
    engines: {node: '>=14.17'}
    hasBin: true

  uid@2.0.2:
    resolution: {integrity: sha512-u3xV3X7uzvi5b1MncmZo3i2Aw222Zk1keqLA1YkHldREkAhAqi65wuPfe7lHx8H/Wzy+8CE7S7uS3jekIM5s8g==}
    engines: {node: '>=8'}

  undici-types@6.20.0:
    resolution: {integrity: sha512-Ny6QZ2Nju20vw1SRHe3d9jVu6gJ+4e3+MMpqu7pqE5HT6WsTSlce++GQmK5UXS8mzV8DSYHrQH+Xrf2jVcuKNg==}

  unpipe@1.0.0:
    resolution: {integrity: sha512-pjy2bYhSsufwWlKwPc+l3cN7+wuJlK6uz0YdJEOlQDbl6jo/YlPi4mb8agUkVC8BF7V8NuzeyPNqRksA3hztKQ==}
    engines: {node: '>= 0.8'}

  util-deprecate@1.0.2:
    resolution: {integrity: sha512-EPD5q1uXyFxJpCrLnCc1nHnq3gOa6DZBocAIiI2TaSCA7VCJ1UJDMagCzIkXNsUYfD1daK//LTEQ8xiIbrHtcw==}

  utils-merge@1.0.1:
    resolution: {integrity: sha512-pMZTvIkT1d+TFGvDOqodOclx0QWkkgi6Tdoa8gC8ffGAAqz9pzPTZWAybbsHHoED/ztMtkv/VoYTYyShUn81hA==}
    engines: {node: '>= 0.4.0'}

  v8-compile-cache-lib@3.0.1:
    resolution: {integrity: sha512-wa7YjyUGfNZngI/vtK0UHAN+lgDCxBPCylVXGp0zu59Fz5aiGtNXaq3DhIov063MorB+VfufLh3JlF2KdTK3xg==}

  vary@1.1.2:
    resolution: {integrity: sha512-BNGbWLfd0eUPabhkXUVm0j8uuvREyTh5ovRa/dyow/BqAbZJyC+5fU+IzQOzmAKzYqYRAISoRhdQr3eIZ/PXqg==}
    engines: {node: '>= 0.8'}

  wrappy@1.0.2:
    resolution: {integrity: sha512-l4Sp/DRseor9wL6EvV2+TuQn63dMkPjZ/sp9XkghTEbV9KlPS1xUsZ3u7/IQO4wxtcFB4bgpQPRcR3QCvezPcQ==}

  xtend@4.0.2:
    resolution: {integrity: sha512-LKYU1iAXJXUgAXn9URjiu+MWhyUXHsvfp7mcuYm9dSUKK0/CjtrUwFAxD82/mCWbtLsGjFIad0wIsod4zrTAEQ==}
    engines: {node: '>=0.4'}

  yn@3.1.1:
    resolution: {integrity: sha512-Ux4ygGWsu2c7isFWe8Yu1YluJmqVhxqK2cLXNQA5AcC3QfbGNpM7fu0Y8b/z16pXLnFxZYvWhd3fhBY9DLmC6Q==}
    engines: {node: '>=6'}

snapshots:

  '@cspotcode/source-map-support@0.8.1':
    dependencies:
      '@jridgewell/trace-mapping': 0.3.9

  '@dotnest/common@20250227.0.1(@dotnest/core@20250227.0.2)(@dotnest/gateway@20250227.0.2(@nestjs/core@11.0.10(@nestjs/common@11.0.10(reflect-metadata@0.2.2)(rxjs@7.8.2))(@nestjs/platform-express@11.0.10)(reflect-metadata@0.2.2)(rxjs@7.8.2))(express@5.0.1)(reflect-metadata@0.2.2)(rxjs@7.8.2))(@nestjs/swagger@11.0.5(@nestjs/common@11.0.10(reflect-metadata@0.2.2)(rxjs@7.8.2))(@nestjs/core@11.0.10(@nestjs/common@11.0.10(reflect-metadata@0.2.2)(rxjs@7.8.2))(@nestjs/platform-express@11.0.10)(reflect-metadata@0.2.2)(rxjs@7.8.2))(reflect-metadata@0.2.2))':
    dependencies:
      '@dotnest/core': 20250227.0.2
      '@dotnest/gateway': 20250227.0.2(@nestjs/core@11.0.10(@nestjs/common@11.0.10(reflect-metadata@0.2.2)(rxjs@7.8.2))(@nestjs/platform-express@11.0.10)(reflect-metadata@0.2.2)(rxjs@7.8.2))(express@5.0.1)(reflect-metadata@0.2.2)(rxjs@7.8.2)
      '@nestjs/swagger': 11.0.5(@nestjs/common@11.0.10(reflect-metadata@0.2.2)(rxjs@7.8.2))(@nestjs/core@11.0.10(@nestjs/common@11.0.10(reflect-metadata@0.2.2)(rxjs@7.8.2))(@nestjs/platform-express@11.0.10)(reflect-metadata@0.2.2)(rxjs@7.8.2))(reflect-metadata@0.2.2)

  '@dotnest/core@20250227.0.2':
    dependencies:
      '@nestjs/common': 11.0.10(reflect-metadata@0.2.2)(rxjs@7.8.2)
      '@nestjs/core': 11.0.10(@nestjs/common@11.0.10(reflect-metadata@0.2.2)(rxjs@7.8.2))(@nestjs/platform-express@11.0.10)(reflect-metadata@0.2.2)(rxjs@7.8.2)
      '@nestjs/platform-express': 11.0.10(@nestjs/common@11.0.10(reflect-metadata@0.2.2)(rxjs@7.8.2))(@nestjs/core@11.0.10)
      axios: 1.8.1
      reflect-metadata: 0.2.2
      rxjs: 7.8.2
    transitivePeerDependencies:
      - '@nestjs/microservices'
      - '@nestjs/websockets'
      - class-transformer
      - class-validator
      - debug
      - supports-color

  '@dotnest/gateway@20250227.0.2(@nestjs/core@11.0.10(@nestjs/common@11.0.10(reflect-metadata@0.2.2)(rxjs@7.8.2))(@nestjs/platform-express@11.0.10)(reflect-metadata@0.2.2)(rxjs@7.8.2))(express@5.0.1)(reflect-metadata@0.2.2)(rxjs@7.8.2)':
    dependencies:
      '@dotnest/core': 20250227.0.2
      '@nestjs/common': 11.0.10(reflect-metadata@0.2.2)(rxjs@7.8.2)
      '@nestjs/swagger': 11.0.5(@nestjs/common@11.0.10(reflect-metadata@0.2.2)(rxjs@7.8.2))(@nestjs/core@11.0.10(@nestjs/common@11.0.10(reflect-metadata@0.2.2)(rxjs@7.8.2))(@nestjs/platform-express@11.0.10)(reflect-metadata@0.2.2)(rxjs@7.8.2))(reflect-metadata@0.2.2)
      swagger-ui-express: 5.0.1(express@5.0.1)
    transitivePeerDependencies:
      - '@fastify/static'
      - '@nestjs/core'
      - '@nestjs/microservices'
      - '@nestjs/websockets'
      - class-transformer
      - class-validator
      - debug
      - express
      - reflect-metadata
      - rxjs
      - supports-color

  '@jridgewell/resolve-uri@3.1.2': {}

  '@jridgewell/sourcemap-codec@1.5.0': {}

  '@jridgewell/trace-mapping@0.3.9':
    dependencies:
      '@jridgewell/resolve-uri': 3.1.2
      '@jridgewell/sourcemap-codec': 1.5.0

  '@lukeed/csprng@1.1.0': {}

  '@microsoft/tsdoc@0.15.1': {}

  '@nestjs/common@11.0.10(reflect-metadata@0.2.2)(rxjs@7.8.2)':
    dependencies:
      iterare: 1.2.1
      reflect-metadata: 0.2.2
      rxjs: 7.8.2
      tslib: 2.8.1
      uid: 2.0.2

  '@nestjs/core@11.0.10(@nestjs/common@11.0.10(reflect-metadata@0.2.2)(rxjs@7.8.2))(@nestjs/platform-express@11.0.10)(reflect-metadata@0.2.2)(rxjs@7.8.2)':
    dependencies:
      '@nestjs/common': 11.0.10(reflect-metadata@0.2.2)(rxjs@7.8.2)
      '@nuxt/opencollective': 0.4.1
      fast-safe-stringify: 2.1.1
      iterare: 1.2.1
      path-to-regexp: 8.2.0
      reflect-metadata: 0.2.2
      rxjs: 7.8.2
      tslib: 2.8.1
      uid: 2.0.2
    optionalDependencies:
      '@nestjs/platform-express': 11.0.10(@nestjs/common@11.0.10(reflect-metadata@0.2.2)(rxjs@7.8.2))(@nestjs/core@11.0.10)

  '@nestjs/mapped-types@2.1.0(@nestjs/common@11.0.10(reflect-metadata@0.2.2)(rxjs@7.8.2))(reflect-metadata@0.2.2)':
    dependencies:
      '@nestjs/common': 11.0.10(reflect-metadata@0.2.2)(rxjs@7.8.2)
      reflect-metadata: 0.2.2

  '@nestjs/platform-express@11.0.10(@nestjs/common@11.0.10(reflect-metadata@0.2.2)(rxjs@7.8.2))(@nestjs/core@11.0.10)':
    dependencies:
      '@nestjs/common': 11.0.10(reflect-metadata@0.2.2)(rxjs@7.8.2)
      '@nestjs/core': 11.0.10(@nestjs/common@11.0.10(reflect-metadata@0.2.2)(rxjs@7.8.2))(@nestjs/platform-express@11.0.10)(reflect-metadata@0.2.2)(rxjs@7.8.2)
      cors: 2.8.5
      express: 5.0.1
      multer: 1.4.5-lts.1
      path-to-regexp: 8.2.0
      tslib: 2.8.1
    transitivePeerDependencies:
      - supports-color

  '@nestjs/swagger@11.0.5(@nestjs/common@11.0.10(reflect-metadata@0.2.2)(rxjs@7.8.2))(@nestjs/core@11.0.10(@nestjs/common@11.0.10(reflect-metadata@0.2.2)(rxjs@7.8.2))(@nestjs/platform-express@11.0.10)(reflect-metadata@0.2.2)(rxjs@7.8.2))(reflect-metadata@0.2.2)':
    dependencies:
      '@microsoft/tsdoc': 0.15.1
      '@nestjs/common': 11.0.10(reflect-metadata@0.2.2)(rxjs@7.8.2)
      '@nestjs/core': 11.0.10(@nestjs/common@11.0.10(reflect-metadata@0.2.2)(rxjs@7.8.2))(@nestjs/platform-express@11.0.10)(reflect-metadata@0.2.2)(rxjs@7.8.2)
      '@nestjs/mapped-types': 2.1.0(@nestjs/common@11.0.10(reflect-metadata@0.2.2)(rxjs@7.8.2))(reflect-metadata@0.2.2)
      js-yaml: 4.1.0
      lodash: 4.17.21
      path-to-regexp: 8.2.0
      reflect-metadata: 0.2.2
      swagger-ui-dist: 5.19.0

  '@nuxt/opencollective@0.4.1':
    dependencies:
      consola: 3.4.0

  '@scarf/scarf@1.4.0': {}

  '@tsconfig/node10@1.0.11': {}

  '@tsconfig/node12@1.0.11': {}

  '@tsconfig/node14@1.0.3': {}

  '@tsconfig/node16@1.0.4': {}

  '@types/node@22.13.5':
    dependencies:
      undici-types: 6.20.0

  accepts@2.0.0:
    dependencies:
      mime-types: 3.0.0
      negotiator: 1.0.0

  acorn-walk@8.3.4:
    dependencies:
      acorn: 8.12.1

  acorn@8.12.1: {}

  append-field@1.0.0: {}

  arg@4.1.3: {}

  argparse@2.0.1: {}

  asynckit@0.4.0: {}

  axios@1.8.1:
    dependencies:
      follow-redirects: 1.15.9
      form-data: 4.0.2
      proxy-from-env: 1.1.0
    transitivePeerDependencies:
      - debug

  body-parser@2.1.0:
    dependencies:
      bytes: 3.1.2
      content-type: 1.0.5
      debug: 4.4.0
      http-errors: 2.0.0
      iconv-lite: 0.5.2
      on-finished: 2.4.1
      qs: 6.14.0
      raw-body: 3.0.0
      type-is: 2.0.0
    transitivePeerDependencies:
      - supports-color

  buffer-from@1.1.2: {}

  busboy@1.6.0:
    dependencies:
      streamsearch: 1.1.0

  bytes@3.1.2: {}

  call-bind-apply-helpers@1.0.2:
    dependencies:
      es-errors: 1.3.0
      function-bind: 1.1.2

  call-bound@1.0.3:
    dependencies:
      call-bind-apply-helpers: 1.0.2
      get-intrinsic: 1.3.0

  combined-stream@1.0.8:
    dependencies:
      delayed-stream: 1.0.0

  concat-stream@1.6.2:
    dependencies:
      buffer-from: 1.1.2
      inherits: 2.0.4
      readable-stream: 2.3.8
      typedarray: 0.0.6

  consola@3.4.0: {}

  content-disposition@1.0.0:
    dependencies:
      safe-buffer: 5.2.1

  content-type@1.0.5: {}

  cookie-signature@1.2.2: {}

  cookie@0.7.1: {}

  core-util-is@1.0.3: {}

  cors@2.8.5:
    dependencies:
      object-assign: 4.1.1
      vary: 1.1.2

  create-require@1.1.1: {}

  debug@2.6.9:
    dependencies:
      ms: 2.0.0

  debug@4.3.6:
    dependencies:
      ms: 2.1.2

  debug@4.4.0:
    dependencies:
      ms: 2.1.3

  delayed-stream@1.0.0: {}

  depd@2.0.0: {}

  destroy@1.2.0: {}

  diff@4.0.2: {}

  dunder-proto@1.0.1:
    dependencies:
      call-bind-apply-helpers: 1.0.2
      es-errors: 1.3.0
      gopd: 1.2.0

  ee-first@1.1.1: {}

  encodeurl@1.0.2: {}

  encodeurl@2.0.0: {}

  es-define-property@1.0.1: {}

  es-errors@1.3.0: {}

  es-object-atoms@1.1.1:
    dependencies:
      es-errors: 1.3.0

  es-set-tostringtag@2.1.0:
    dependencies:
      es-errors: 1.3.0
      get-intrinsic: 1.3.0
      has-tostringtag: 1.0.2
      hasown: 2.0.2

  escape-html@1.0.3: {}

  etag@1.8.1: {}

  express@5.0.1:
    dependencies:
      accepts: 2.0.0
      body-parser: 2.1.0
      content-disposition: 1.0.0
      content-type: 1.0.5
      cookie: 0.7.1
      cookie-signature: 1.2.2
      debug: 4.3.6
      depd: 2.0.0
      encodeurl: 2.0.0
      escape-html: 1.0.3
      etag: 1.8.1
      finalhandler: 2.0.0
      fresh: 2.0.0
      http-errors: 2.0.0
      merge-descriptors: 2.0.0
      methods: 1.1.2
      mime-types: 3.0.0
      on-finished: 2.4.1
      once: 1.4.0
      parseurl: 1.3.3
      proxy-addr: 2.0.7
      qs: 6.13.0
      range-parser: 1.2.1
      router: 2.1.0
      safe-buffer: 5.2.1
      send: 1.1.0
      serve-static: 2.1.0
      setprototypeof: 1.2.0
      statuses: 2.0.1
      type-is: 2.0.0
      utils-merge: 1.0.1
      vary: 1.1.2
    transitivePeerDependencies:
      - supports-color

  fast-safe-stringify@2.1.1: {}

  finalhandler@2.0.0:
    dependencies:
      debug: 2.6.9
      encodeurl: 1.0.2
      escape-html: 1.0.3
      on-finished: 2.4.1
      parseurl: 1.3.3
      statuses: 2.0.1
      unpipe: 1.0.0
    transitivePeerDependencies:
      - supports-color

  follow-redirects@1.15.9: {}

  form-data@4.0.2:
    dependencies:
      asynckit: 0.4.0
      combined-stream: 1.0.8
      es-set-tostringtag: 2.1.0
      mime-types: 2.1.35

  forwarded@0.2.0: {}

  fresh@0.5.2: {}

  fresh@2.0.0: {}

  function-bind@1.1.2: {}

  get-intrinsic@1.3.0:
    dependencies:
      call-bind-apply-helpers: 1.0.2
      es-define-property: 1.0.1
      es-errors: 1.3.0
      es-object-atoms: 1.1.1
      function-bind: 1.1.2
      get-proto: 1.0.1
      gopd: 1.2.0
      has-symbols: 1.1.0
      hasown: 2.0.2
      math-intrinsics: 1.1.0

  get-proto@1.0.1:
    dependencies:
      dunder-proto: 1.0.1
      es-object-atoms: 1.1.1

  gopd@1.2.0: {}

  has-symbols@1.1.0: {}

  has-tostringtag@1.0.2:
    dependencies:
      has-symbols: 1.1.0

  hasown@2.0.2:
    dependencies:
      function-bind: 1.1.2

  http-errors@2.0.0:
    dependencies:
      depd: 2.0.0
      inherits: 2.0.4
      setprototypeof: 1.2.0
      statuses: 2.0.1
      toidentifier: 1.0.1

  iconv-lite@0.5.2:
    dependencies:
      safer-buffer: 2.1.2

  iconv-lite@0.6.3:
    dependencies:
      safer-buffer: 2.1.2

  inherits@2.0.4: {}

  ipaddr.js@1.9.1: {}

  is-promise@4.0.0: {}

  isarray@1.0.0: {}

  iterare@1.2.1: {}

  js-yaml@4.1.0:
    dependencies:
      argparse: 2.0.1

  lodash@4.17.21: {}

  make-error@1.3.6: {}

  math-intrinsics@1.1.0: {}

  media-typer@0.3.0: {}

  media-typer@1.1.0: {}

  merge-descriptors@2.0.0: {}

  methods@1.1.2: {}

  mime-db@1.52.0: {}

  mime-db@1.53.0: {}

  mime-types@2.1.35:
    dependencies:
      mime-db: 1.52.0

  mime-types@3.0.0:
    dependencies:
      mime-db: 1.53.0

  minimist@1.2.8: {}

  mkdirp@0.5.6:
    dependencies:
      minimist: 1.2.8

  ms@2.0.0: {}

  ms@2.1.2: {}

  ms@2.1.3: {}

  multer@1.4.5-lts.1:
    dependencies:
      append-field: 1.0.0
      busboy: 1.6.0
      concat-stream: 1.6.2
      mkdirp: 0.5.6
      object-assign: 4.1.1
      type-is: 1.6.18
      xtend: 4.0.2

  negotiator@1.0.0: {}

  object-assign@4.1.1: {}

  object-inspect@1.13.4: {}

  on-finished@2.4.1:
    dependencies:
      ee-first: 1.1.1

  once@1.4.0:
    dependencies:
      wrappy: 1.0.2

  parseurl@1.3.3: {}

  path-to-regexp@8.2.0: {}

  process-nextick-args@2.0.1: {}

  proxy-addr@2.0.7:
    dependencies:
      forwarded: 0.2.0
      ipaddr.js: 1.9.1

  proxy-from-env@1.1.0: {}

  qs@6.13.0:
    dependencies:
      side-channel: 1.1.0

  qs@6.14.0:
    dependencies:
      side-channel: 1.1.0

  range-parser@1.2.1: {}

  raw-body@3.0.0:
    dependencies:
      bytes: 3.1.2
      http-errors: 2.0.0
      iconv-lite: 0.6.3
      unpipe: 1.0.0

  readable-stream@2.3.8:
    dependencies:
      core-util-is: 1.0.3
      inherits: 2.0.4
      isarray: 1.0.0
      process-nextick-args: 2.0.1
      safe-buffer: 5.1.2
      string_decoder: 1.1.1
      util-deprecate: 1.0.2

  reflect-metadata@0.2.2: {}

  router@2.1.0:
    dependencies:
      is-promise: 4.0.0
      parseurl: 1.3.3
      path-to-regexp: 8.2.0

  rxjs@7.8.2:
    dependencies:
      tslib: 2.7.0

  safe-buffer@5.1.2: {}

  safe-buffer@5.2.1: {}

  safer-buffer@2.1.2: {}

  send@1.1.0:
    dependencies:
      debug: 4.3.6
      destroy: 1.2.0
      encodeurl: 2.0.0
      escape-html: 1.0.3
      etag: 1.8.1
      fresh: 0.5.2
      http-errors: 2.0.0
      mime-types: 2.1.35
      ms: 2.1.3
      on-finished: 2.4.1
      range-parser: 1.2.1
      statuses: 2.0.1
    transitivePeerDependencies:
      - supports-color

  serve-static@2.1.0:
    dependencies:
      encodeurl: 2.0.0
      escape-html: 1.0.3
      parseurl: 1.3.3
      send: 1.1.0
    transitivePeerDependencies:
      - supports-color

  setprototypeof@1.2.0: {}

  side-channel-list@1.0.0:
    dependencies:
      es-errors: 1.3.0
      object-inspect: 1.13.4

  side-channel-map@1.0.1:
    dependencies:
      call-bound: 1.0.3
      es-errors: 1.3.0
      get-intrinsic: 1.3.0
      object-inspect: 1.13.4

  side-channel-weakmap@1.0.2:
    dependencies:
      call-bound: 1.0.3
      es-errors: 1.3.0
      get-intrinsic: 1.3.0
      object-inspect: 1.13.4
      side-channel-map: 1.0.1

  side-channel@1.1.0:
    dependencies:
      es-errors: 1.3.0
      object-inspect: 1.13.4
      side-channel-list: 1.0.0
      side-channel-map: 1.0.1
      side-channel-weakmap: 1.0.2

  source-map-support@0.5.21:
    dependencies:
      buffer-from: 1.1.2
      source-map: 0.6.1

  source-map@0.6.1: {}

  statuses@2.0.1: {}

  streamsearch@1.1.0: {}

  string_decoder@1.1.1:
    dependencies:
      safe-buffer: 5.1.2

  swagger-ui-dist@5.17.14: {}

  swagger-ui-dist@5.19.0:
    dependencies:
      '@scarf/scarf': 1.4.0

  swagger-ui-express@5.0.1(express@5.0.1):
    dependencies:
      express: 5.0.1
      swagger-ui-dist: 5.17.14

  toidentifier@1.0.1: {}

  ts-node@10.9.2(@types/node@22.13.5)(typescript@5.7.3):
    dependencies:
      '@cspotcode/source-map-support': 0.8.1
      '@tsconfig/node10': 1.0.11
      '@tsconfig/node12': 1.0.11
      '@tsconfig/node14': 1.0.3
      '@tsconfig/node16': 1.0.4
      '@types/node': 22.13.5
      acorn: 8.12.1
      acorn-walk: 8.3.4
      arg: 4.1.3
      create-require: 1.1.1
      diff: 4.0.2
      make-error: 1.3.6
      typescript: 5.7.3
      v8-compile-cache-lib: 3.0.1
      yn: 3.1.1

  tslib@2.7.0: {}

  tslib@2.8.1: {}

  type-is@1.6.18:
    dependencies:
      media-typer: 0.3.0
      mime-types: 2.1.35

  type-is@2.0.0:
    dependencies:
      content-type: 1.0.5
      media-typer: 1.1.0
      mime-types: 3.0.0

  typedarray@0.0.6: {}

  typescript@5.7.3: {}

  uid@2.0.2:
    dependencies:
      '@lukeed/csprng': 1.1.0

  undici-types@6.20.0: {}

  unpipe@1.0.0: {}

  util-deprecate@1.0.2: {}

  utils-merge@1.0.1: {}

  v8-compile-cache-lib@3.0.1: {}

  vary@1.1.2: {}

  wrappy@1.0.2: {}

  xtend@4.0.2: {}

  yn@3.1.1: {}
